<Solution>
  <Project Path="../Array/Array.csproj" Id="f487ce3c-9c76-466a-a403-1d140494ab50" />
  <Project Path="../Datatypes/Datatypes.csproj" Id="59866e7c-0173-475d-8941-9b2294de5159" />
  <Project Path="../Ifelse/Ifelse.csproj" Id="96179570-fdca-4275-84f4-7543c80132db" />
  <Project Path="../Loops/Loops.csproj" Id="9bf2fce2-21d6-4cae-8c7f-5a3c105b9431" />
  <Project Path="../Math/Math.csproj" Id="ce39ba0b-e0da-4725-8fb7-ff91d11e36bd" />
  <Project Path="../Operators/Operators.csproj" Id="e197a8c2-14fa-45c4-9aa6-e9019a93ef08" />
  <Project Path="../String/String.csproj" Id="2a54fafe-37c6-4e71-9eb7-21b67be4b6d0" />
  <Project Path="../Switch/Switch.csproj" Id="bf655e26-706c-4a6b-ac6e-16c99899918c" />
  <Project Path="../TypeCasting/TypeCasting.csproj" Id="4dbf8ebe-6871-4ce5-a5a1-054a2dd25d6a" />
  <Project Path="../Variables/Variables.csproj" Id="962b9eaa-eca9-45ff-978f-63effbb4187f" />
  <Project Path="Hello/First.csproj" Id="87a78776-75c7-419c-b3e9-d7e9bf65ece3" />
</Solution>
